
Microsoft Visual Studio Solution File, Format Version 12.00
# Visual Studio 15
VisualStudioVersion = 15.0.28307.136
MinimumVisualStudioVersion = 10.0.40219.1
Project("{FAE04EC0-301F-11D3-BF4B-00C04F79EFBC}") = "CGProj2", "SimplePaletteQuantizer\CGProj2.csproj", "{37812A22-91F3-4220-891E-5C26DA64A975}"
EndProject
Global
	GlobalSection(SolutionConfigurationPlatforms) = preSolution
		Debug|Any CPU = Debug|Any CPU
		Release|Any CPU = Release|Any CPU
	EndGlobalSection
	GlobalSection(ProjectConfigurationPlatforms) = postSolution
		{37812A22-91F3-4220-891E-5C26DA64A975}.Debug|Any CPU.ActiveCfg = Debug|Any CPU
		{37812A22-91F3-4220-891E-5C26DA64A975}.Debug|Any CPU.Build.0 = Debug|Any CPU
		{37812A22-91F3-4220-891E-5C26DA64A975}.Release|Any CPU.ActiveCfg = Release|Any CPU
		{37812A22-91F3-4220-891E-5C26DA64A975}.Release|Any CPU.Build.0 = Release|Any CPU
	EndGlobalSection
	GlobalSection(SolutionProperties) = preSolution
		HideSolutionNode = FALSE
	EndGlobalSection
	GlobalSection(ExtensibilityGlobals) = postSolution
		VisualSVNWorkingCopyRoot = ..
		SolutionGuid = {74E0B320-A259-43CC-BA37-4570CEC1C06B}
	EndGlobalSection
	GlobalSection(TestCaseManagementSettings) = postSolution
		CategoryFile = APNG Manager.vsmdi
	EndGlobalSection
EndGlobal
